
Microsoft Visual Studio Solution File, Format Version 12.00
# Visual Studio Version 18
VisualStudioVersion = 18.6.11806.211 stable
MinimumVisualStudioVersion = 10.0.40219.1
Project("{FAE04EC0-301F-11D3-BF4B-00C04F79EFBC}") = "Academia", "Academia\Academia.csproj", "{440BA777-5DE4-4B88-A25B-38C0583B7CFC}"
EndProject
Global
	GlobalSection(SolutionConfigurationPlatforms) = preSolution
		Debug|Any CPU = Debug|Any CPU
		Release|Any CPU = Release|Any CPU
	EndGlobalSection
	GlobalSection(ProjectConfigurationPlatforms) = postSolution
		{440BA777-5DE4-4B88-A25B-38C0583B7CFC}.Debug|Any CPU.ActiveCfg = Debug|Any CPU
		{440BA777-5DE4-4B88-A25B-38C0583B7CFC}.Debug|Any CPU.Build.0 = Debug|Any CPU
		{440BA777-5DE4-4B88-A25B-38C0583B7CFC}.Release|Any CPU.ActiveCfg = Release|Any CPU
		{440BA777-5DE4-4B88-A25B-38C0583B7CFC}.Release|Any CPU.Build.0 = Release|Any CPU
	EndGlobalSection
	GlobalSection(SolutionProperties) = preSolution
		HideSolutionNode = FALSE
	EndGlobalSection
	GlobalSection(ExtensibilityGlobals) = postSolution
		SolutionGuid = {62FF5B8B-038E-49F2-BA15-C99DFFECE742}
	EndGlobalSection
EndGlobal
